
Microsoft Visual Studio Solution File, Format Version 12.00
# Visual Studio Version 17
VisualStudioVersion = 17.6.33829.357
MinimumVisualStudioVersion = 10.0.40219.1
Project("{FAE04EC0-301F-11D3-BF4B-00C04F79EFBC}") = "DemoProject", "DemoProject\DemoProject.csproj", "{5DE0178F-C1A7-4034-9284-C7FFDE37C3B6}"
EndProject
Global
	GlobalSection(SolutionConfigurationPlatforms) = preSolution
		Debug|Any CPU = Debug|Any CPU
		Release|Any CPU = Release|Any CPU
	EndGlobalSection
	GlobalSection(ProjectConfigurationPlatforms) = postSolution
		{5DE0178F-C1A7-4034-9284-C7FFDE37C3B6}.Debug|Any CPU.ActiveCfg = Debug|Any CPU
		{5DE0178F-C1A7-4034-9284-C7FFDE37C3B6}.Debug|Any CPU.Build.0 = Debug|Any CPU
		{5DE0178F-C1A7-4034-9284-C7FFDE37C3B6}.Release|Any CPU.ActiveCfg = Release|Any CPU
		{5DE0178F-C1A7-4034-9284-C7FFDE37C3B6}.Release|Any CPU.Build.0 = Release|Any CPU
	EndGlobalSection
	GlobalSection(SolutionProperties) = preSolution
		HideSolutionNode = FALSE
	EndGlobalSection
	GlobalSection(ExtensibilityGlobals) = postSolution
		SolutionGuid = {211A1431-324E-446E-B9AD-2FD6CF288365}
	EndGlobalSection
EndGlobal
